{
  "name": "jha.medium-common",
  "version": "1.0.0",
  "lockfileVersion": 3,
  "requires": true,
  "packages": {
    "": {
      "name": "jha.medium-common",
      "version": "1.0.0",
      "license": "ISC",
      "dependencies": {
        "jha.medium-common": "^1.0.0",
        "zod": "^3.23.8"
      }
    },
    "node_modules/jha.medium-common": {
      "version": "1.0.0",
      "resolved": "https://registry.npmjs.org/jha.medium-common/-/jha.medium-common-1.0.0.tgz",
      "integrity": "sha512-SwEkgetVXu5zp6t8ECUF7wRYDuv7BzMxg8bwI7BRrB/3gD7r7KpRqxNxDlVWJ0wECevPqhigg6mFu5z+qrzk3w==",
      "dependencies": {
        "zod": "^3.23.8"
      }
    },
    "node_modules/zod": {
      "version": "3.23.8",
      "resolved": "https://registry.npmjs.org/zod/-/zod-3.23.8.tgz",
      "integrity": "sha512-XBx9AXhXktjUqnepgTiE5flcKIYWi/rme0Eaj+5Y0lftuGBq+jyRu/md4WnuxqgP1ubdpNCsYEYPxrzVHD8d6g==",
      "funding": {
        "url": "https://github.com/sponsors/colinhacks"
      }
    }
  }
}
